
Microsoft Visual Studio Solution File, Format Version 12.00
# Visual Studio Version 17
VisualStudioVersion = 17.9.34607.119
MinimumVisualStudioVersion = 10.0.40219.1
Project("{FAE04EC0-301F-11D3-BF4B-00C04F79EFBC}") = "Sistema_Atenquique", "Sistema_Atenquique\Sistema_Atenquique.csproj", "{894AFDC2-30E8-4B00-AAF5-3979329509C4}"
EndProject
Global
	GlobalSection(SolutionConfigurationPlatforms) = preSolution
		Debug|Any CPU = Debug|Any CPU
		Release|Any CPU = Release|Any CPU
	EndGlobalSection
	GlobalSection(ProjectConfigurationPlatforms) = postSolution
		{894AFDC2-30E8-4B00-AAF5-3979329509C4}.Debug|Any CPU.ActiveCfg = Debug|Any CPU
		{894AFDC2-30E8-4B00-AAF5-3979329509C4}.Debug|Any CPU.Build.0 = Debug|Any CPU
		{894AFDC2-30E8-4B00-AAF5-3979329509C4}.Release|Any CPU.ActiveCfg = Release|Any CPU
		{894AFDC2-30E8-4B00-AAF5-3979329509C4}.Release|Any CPU.Build.0 = Release|Any CPU
	EndGlobalSection
	GlobalSection(SolutionProperties) = preSolution
		HideSolutionNode = FALSE
	EndGlobalSection
	GlobalSection(ExtensibilityGlobals) = postSolution
		SolutionGuid = {5E2346D6-660C-4179-AF9C-5377A9F5A5F1}
	EndGlobalSection
EndGlobal
